
Microsoft Visual Studio Solution File, Format Version 12.00
# Visual Studio Version 17
VisualStudioVersion = 17.7.34031.279
MinimumVisualStudioVersion = 10.0.40219.1
Project("{FAE04EC0-301F-11D3-BF4B-00C04F79EFBC}") = "MyBook.Epub.Writer", "MyBook.Epub.Writer\MyBook.Epub.Writer.csproj", "{33A0F1F2-748A-439B-8637-BA6283333AE9}"
EndProject
Project("{FAE04EC0-301F-11D3-BF4B-00C04F79EFBC}") = "DataCollector", "DataCollector\DataCollector.csproj", "{1A0F9637-63A6-4F62-B691-F49892A08A4B}"
EndProject
Project("{FAE04EC0-301F-11D3-BF4B-00C04F79EFBC}") = "DataConvertor", "DataConvertor\DataConvertor.csproj", "{50D9B731-923E-42D9-B9C7-8CC7ECEB8968}"
EndProject
Project("{FAE04EC0-301F-11D3-BF4B-00C04F79EFBC}") = "SharedModels", "SharedModels\SharedModels.csproj", "{5370C10F-137C-40E5-9653-25296B961499}"
EndProject
Project("{FAE04EC0-301F-11D3-BF4B-00C04F79EFBC}") = "DataTranslator", "DataTranslator\DataTranslator.csproj", "{677F756E-3907-45CC-8488-AB765210FC0A}"
EndProject
Project("{FAE04EC0-301F-11D3-BF4B-00C04F79EFBC}") = "BookWriter.Tests", "BookWriter.Tests\BookWriter.Tests.csproj", "{59266574-3577-4EC8-93CC-A15B0B74ACAA}"
EndProject
Project("{FAE04EC0-301F-11D3-BF4B-00C04F79EFBC}") = "MyBook.Writer", "MyBook.Writer\MyBook.Writer.csproj", "{3B743A0A-CB6B-4E4B-A3DA-66C5B70793B6}"
EndProject
Global
	GlobalSection(SolutionConfigurationPlatforms) = preSolution
		Debug|Any CPU = Debug|Any CPU
		Debug|x64 = Debug|x64
		Debug|x86 = Debug|x86
		Release|Any CPU = Release|Any CPU
		Release|x64 = Release|x64
		Release|x86 = Release|x86
	EndGlobalSection
	GlobalSection(ProjectConfigurationPlatforms) = postSolution
		{33A0F1F2-748A-439B-8637-BA6283333AE9}.Debug|Any CPU.ActiveCfg = Debug|Any CPU
		{33A0F1F2-748A-439B-8637-BA6283333AE9}.Debug|Any CPU.Build.0 = Debug|Any CPU
		{33A0F1F2-748A-439B-8637-BA6283333AE9}.Debug|x64.ActiveCfg = Debug|Any CPU
		{33A0F1F2-748A-439B-8637-BA6283333AE9}.Debug|x64.Build.0 = Debug|Any CPU
		{33A0F1F2-748A-439B-8637-BA6283333AE9}.Debug|x86.ActiveCfg = Debug|Any CPU
		{33A0F1F2-748A-439B-8637-BA6283333AE9}.Debug|x86.Build.0 = Debug|Any CPU
		{33A0F1F2-748A-439B-8637-BA6283333AE9}.Release|Any CPU.ActiveCfg = Release|Any CPU
		{33A0F1F2-748A-439B-8637-BA6283333AE9}.Release|Any CPU.Build.0 = Release|Any CPU
		{33A0F1F2-748A-439B-8637-BA6283333AE9}.Release|x64.ActiveCfg = Release|Any CPU
		{33A0F1F2-748A-439B-8637-BA6283333AE9}.Release|x64.Build.0 = Release|Any CPU
		{33A0F1F2-748A-439B-8637-BA6283333AE9}.Release|x86.ActiveCfg = Release|Any CPU
		{33A0F1F2-748A-439B-8637-BA6283333AE9}.Release|x86.Build.0 = Release|Any CPU
		{1A0F9637-63A6-4F62-B691-F49892A08A4B}.Debug|Any CPU.ActiveCfg = Debug|Any CPU
		{1A0F9637-63A6-4F62-B691-F49892A08A4B}.Debug|Any CPU.Build.0 = Debug|Any CPU
		{1A0F9637-63A6-4F62-B691-F49892A08A4B}.Debug|x64.ActiveCfg = Debug|Any CPU
		{1A0F9637-63A6-4F62-B691-F49892A08A4B}.Debug|x64.Build.0 = Debug|Any CPU
		{1A0F9637-63A6-4F62-B691-F49892A08A4B}.Debug|x86.ActiveCfg = Debug|Any CPU
		{1A0F9637-63A6-4F62-B691-F49892A08A4B}.Debug|x86.Build.0 = Debug|Any CPU
		{1A0F9637-63A6-4F62-B691-F49892A08A4B}.Release|Any CPU.ActiveCfg = Release|Any CPU
		{1A0F9637-63A6-4F62-B691-F49892A08A4B}.Release|Any CPU.Build.0 = Release|Any CPU
		{1A0F9637-63A6-4F62-B691-F49892A08A4B}.Release|x64.ActiveCfg = Release|Any CPU
		{1A0F9637-63A6-4F62-B691-F49892A08A4B}.Release|x64.Build.0 = Release|Any CPU
		{1A0F9637-63A6-4F62-B691-F49892A08A4B}.Release|x86.ActiveCfg = Release|Any CPU
		{1A0F9637-63A6-4F62-B691-F49892A08A4B}.Release|x86.Build.0 = Release|Any CPU
		{50D9B731-923E-42D9-B9C7-8CC7ECEB8968}.Debug|Any CPU.ActiveCfg = Debug|Any CPU
		{50D9B731-923E-42D9-B9C7-8CC7ECEB8968}.Debug|Any CPU.Build.0 = Debug|Any CPU
		{50D9B731-923E-42D9-B9C7-8CC7ECEB8968}.Debug|x64.ActiveCfg = Debug|Any CPU
		{50D9B731-923E-42D9-B9C7-8CC7ECEB8968}.Debug|x64.Build.0 = Debug|Any CPU
		{50D9B731-923E-42D9-B9C7-8CC7ECEB8968}.Debug|x86.ActiveCfg = Debug|Any CPU
		{50D9B731-923E-42D9-B9C7-8CC7ECEB8968}.Debug|x86.Build.0 = Debug|Any CPU
		{50D9B731-923E-42D9-B9C7-8CC7ECEB8968}.Release|Any CPU.ActiveCfg = Release|Any CPU
		{50D9B731-923E-42D9-B9C7-8CC7ECEB8968}.Release|Any CPU.Build.0 = Release|Any CPU
		{50D9B731-923E-42D9-B9C7-8CC7ECEB8968}.Release|x64.ActiveCfg = Release|Any CPU
		{50D9B731-923E-42D9-B9C7-8CC7ECEB8968}.Release|x64.Build.0 = Release|Any CPU
		{50D9B731-923E-42D9-B9C7-8CC7ECEB8968}.Release|x86.ActiveCfg = Release|Any CPU
		{50D9B731-923E-42D9-B9C7-8CC7ECEB8968}.Release|x86.Build.0 = Release|Any CPU
		{5370C10F-137C-40E5-9653-25296B961499}.Debug|Any CPU.ActiveCfg = Debug|Any CPU
		{5370C10F-137C-40E5-9653-25296B961499}.Debug|Any CPU.Build.0 = Debug|Any CPU
		{5370C10F-137C-40E5-9653-25296B961499}.Debug|x64.ActiveCfg = Debug|Any CPU
		{5370C10F-137C-40E5-9653-25296B961499}.Debug|x64.Build.0 = Debug|Any CPU
		{5370C10F-137C-40E5-9653-25296B961499}.Debug|x86.ActiveCfg = Debug|Any CPU
		{5370C10F-137C-40E5-9653-25296B961499}.Debug|x86.Build.0 = Debug|Any CPU
		{5370C10F-137C-40E5-9653-25296B961499}.Release|Any CPU.ActiveCfg = Release|Any CPU
		{5370C10F-137C-40E5-9653-25296B961499}.Release|Any CPU.Build.0 = Release|Any CPU
		{5370C10F-137C-40E5-9653-25296B961499}.Release|x64.ActiveCfg = Release|Any CPU
		{5370C10F-137C-40E5-9653-25296B961499}.Release|x64.Build.0 = Release|Any CPU
		{5370C10F-137C-40E5-9653-25296B961499}.Release|x86.ActiveCfg = Release|Any CPU
		{5370C10F-137C-40E5-9653-25296B961499}.Release|x86.Build.0 = Release|Any CPU
		{677F756E-3907-45CC-8488-AB765210FC0A}.Debug|Any CPU.ActiveCfg = Debug|Any CPU
		{677F756E-3907-45CC-8488-AB765210FC0A}.Debug|Any CPU.Build.0 = Debug|Any CPU
		{677F756E-3907-45CC-8488-AB765210FC0A}.Debug|x64.ActiveCfg = Debug|Any CPU
		{677F756E-3907-45CC-8488-AB765210FC0A}.Debug|x64.Build.0 = Debug|Any CPU
		{677F756E-3907-45CC-8488-AB765210FC0A}.Debug|x86.ActiveCfg = Debug|Any CPU
		{677F756E-3907-45CC-8488-AB765210FC0A}.Debug|x86.Build.0 = Debug|Any CPU
		{677F756E-3907-45CC-8488-AB765210FC0A}.Release|Any CPU.ActiveCfg = Release|Any CPU
		{677F756E-3907-45CC-8488-AB765210FC0A}.Release|Any CPU.Build.0 = Release|Any CPU
		{677F756E-3907-45CC-8488-AB765210FC0A}.Release|x64.ActiveCfg = Release|Any CPU
		{677F756E-3907-45CC-8488-AB765210FC0A}.Release|x64.Build.0 = Release|Any CPU
		{677F756E-3907-45CC-8488-AB765210FC0A}.Release|x86.ActiveCfg = Release|Any CPU
		{677F756E-3907-45CC-8488-AB765210FC0A}.Release|x86.Build.0 = Release|Any CPU
		{59266574-3577-4EC8-93CC-A15B0B74ACAA}.Debug|Any CPU.ActiveCfg = Debug|Any CPU
		{59266574-3577-4EC8-93CC-A15B0B74ACAA}.Debug|Any CPU.Build.0 = Debug|Any CPU
		{59266574-3577-4EC8-93CC-A15B0B74ACAA}.Debug|x64.ActiveCfg = Debug|Any CPU
		{59266574-3577-4EC8-93CC-A15B0B74ACAA}.Debug|x64.Build.0 = Debug|Any CPU
		{59266574-3577-4EC8-93CC-A15B0B74ACAA}.Debug|x86.ActiveCfg = Debug|Any CPU
		{59266574-3577-4EC8-93CC-A15B0B74ACAA}.Debug|x86.Build.0 = Debug|Any CPU
		{59266574-3577-4EC8-93CC-A15B0B74ACAA}.Release|Any CPU.ActiveCfg = Release|Any CPU
		{59266574-3577-4EC8-93CC-A15B0B74ACAA}.Release|Any CPU.Build.0 = Release|Any CPU
		{59266574-3577-4EC8-93CC-A15B0B74ACAA}.Release|x64.ActiveCfg = Release|Any CPU
		{59266574-3577-4EC8-93CC-A15B0B74ACAA}.Release|x64.Build.0 = Release|Any CPU
		{59266574-3577-4EC8-93CC-A15B0B74ACAA}.Release|x86.ActiveCfg = Release|Any CPU
		{59266574-3577-4EC8-93CC-A15B0B74ACAA}.Release|x86.Build.0 = Release|Any CPU
		{3B743A0A-CB6B-4E4B-A3DA-66C5B70793B6}.Debug|Any CPU.ActiveCfg = Debug|Any CPU
		{3B743A0A-CB6B-4E4B-A3DA-66C5B70793B6}.Debug|Any CPU.Build.0 = Debug|Any CPU
		{3B743A0A-CB6B-4E4B-A3DA-66C5B70793B6}.Debug|x64.ActiveCfg = Debug|Any CPU
		{3B743A0A-CB6B-4E4B-A3DA-66C5B70793B6}.Debug|x64.Build.0 = Debug|Any CPU
		{3B743A0A-CB6B-4E4B-A3DA-66C5B70793B6}.Debug|x86.ActiveCfg = Debug|Any CPU
		{3B743A0A-CB6B-4E4B-A3DA-66C5B70793B6}.Debug|x86.Build.0 = Debug|Any CPU
		{3B743A0A-CB6B-4E4B-A3DA-66C5B70793B6}.Release|Any CPU.ActiveCfg = Release|Any CPU
		{3B743A0A-CB6B-4E4B-A3DA-66C5B70793B6}.Release|Any CPU.Build.0 = Release|Any CPU
		{3B743A0A-CB6B-4E4B-A3DA-66C5B70793B6}.Release|x64.ActiveCfg = Release|Any CPU
		{3B743A0A-CB6B-4E4B-A3DA-66C5B70793B6}.Release|x64.Build.0 = Release|Any CPU
		{3B743A0A-CB6B-4E4B-A3DA-66C5B70793B6}.Release|x86.ActiveCfg = Release|Any CPU
		{3B743A0A-CB6B-4E4B-A3DA-66C5B70793B6}.Release|x86.Build.0 = Release|Any CPU
	EndGlobalSection
	GlobalSection(SolutionProperties) = preSolution
		HideSolutionNode = FALSE
	EndGlobalSection
	GlobalSection(ExtensibilityGlobals) = postSolution
		SolutionGuid = {AA8D81C1-8D70-475C-A9DF-979B01B1B863}
	EndGlobalSection
EndGlobal
